{
  "name": "sap-cf-mailer",
  "version": "0.0.6",
  "lockfileVersion": 3,
  "requires": true,
  "packages": {
    "": {
      "name": "sap-cf-mailer",
      "version": "0.0.6",
      "license": "ISC",
      "dependencies": {
        "mustache": "^4.1.0",
        "nodemailer": "^6.5.0",
        "sap-cf-destconn": "^1.0.0"
      },
      "devDependencies": {
        "@types/mustache": "^4.1.1",
        "@types/nodemailer": "^6.4.1",
        "typescript": "^4.2.3"
      }
    },
    "node_modules/@sap/xsenv": {
      "version": "4.2.0",
      "resolved": "https://registry.npmjs.org/@sap/xsenv/-/xsenv-4.2.0.tgz",
      "integrity": "sha512-Hu74ezPEKVgzz1XLi4/Ttlv+n2w9CTuLBlR6Vw4y9FK7btLm1wnCViDPufTG7yxniEADw8EQbqRv+krmcFmGLA==",
      "hasShrinkwrap": true,
      "dependencies": {
        "debug": "4.3.3",
        "node-cache": "^5.1.0",
        "verror": "1.10.0"
      },
      "engines": {
        "node": "^12.0.0 || ^14.0.0 || ^16.0.0 || ^18.0.0 || ^20.0.0"
      }
    },
    "node_modules/@sap/xsenv/node_modules/assert-plus": {
      "version": "1.0.0"
    },
    "node_modules/@sap/xsenv/node_modules/clone": {
      "version": "2.1.2"
    },
    "node_modules/@sap/xsenv/node_modules/core-util-is": {
      "version": "1.0.2"
    },
    "node_modules/@sap/xsenv/node_modules/debug": {
      "version": "4.3.3",
      "dependencies": {
        "ms": "2.1.2"
      }
    },
    "node_modules/@sap/xsenv/node_modules/extsprintf": {
      "version": "1.4.1"
    },
    "node_modules/@sap/xsenv/node_modules/ms": {
      "version": "2.1.2"
    },
    "node_modules/@sap/xsenv/node_modules/node-cache": {
      "version": "5.1.2",
      "dependencies": {
        "clone": "2.x"
      }
    },
    "node_modules/@sap/xsenv/node_modules/verror": {
      "version": "1.10.0",
      "dependencies": {
        "assert-plus": "^1.0.0",
        "core-util-is": "1.0.2",
        "extsprintf": "^1.2.0"
      }
    },
    "node_modules/@types/mustache": {
      "version": "4.1.1",
      "resolved": "https://registry.npmjs.org/@types/mustache/-/mustache-4.1.1.tgz",
      "integrity": "sha512-Sm0NWeLhS2QL7NNGsXvO+Fgp7e3JLHCO6RS3RCnfjAnkw6Y1bsji/AGfISdQZDIR/AeOyzkrxRk9jBkl55zdJw==",
      "dev": true
    },
    "node_modules/@types/node": {
      "version": "14.14.31",
      "resolved": "https://registry.npmjs.org/@types/node/-/node-14.14.31.tgz",
      "integrity": "sha512-vFHy/ezP5qI0rFgJ7aQnjDXwAMrG0KqqIH7tQG5PPv3BWBayOPIQNBjVc/P6hhdZfMx51REc6tfDNXHUio893g==",
      "dev": true
    },
    "node_modules/@types/nodemailer": {
      "version": "6.4.14",
      "resolved": "https://registry.npmjs.org/@types/nodemailer/-/nodemailer-6.4.14.tgz",
      "integrity": "sha512-fUWthHO9k9DSdPCSPRqcu6TWhYyxTBg382vlNIttSe9M7XfsT06y0f24KHXtbnijPGGRIcVvdKHTNikOI6qiHA==",
      "dev": true,
      "dependencies": {
        "@types/node": "*"
      }
    },
    "node_modules/asynckit": {
      "version": "0.4.0",
      "resolved": "https://registry.npmjs.org/asynckit/-/asynckit-0.4.0.tgz",
      "integrity": "sha512-Oei9OH4tRh0YqU3GxhX79dM/mwVgvbZJaSNaRk+bshkj0S5cfHcgYakreBjrHwatXKbz+IoIdYLxrKim2MjW0Q=="
    },
    "node_modules/axios": {
      "version": "1.6.7",
      "resolved": "https://registry.npmjs.org/axios/-/axios-1.6.7.tgz",
      "integrity": "sha512-/hDJGff6/c7u0hDkvkGxR/oy6CbCs8ziCsC7SqmhjfozqiJGc8Z11wrv9z9lYfY4K8l+H9TpjcMDX0xOZmx+RA==",
      "dependencies": {
        "follow-redirects": "^1.15.4",
        "form-data": "^4.0.0",
        "proxy-from-env": "^1.1.0"
      }
    },
    "node_modules/combined-stream": {
      "version": "1.0.8",
      "resolved": "https://registry.npmjs.org/combined-stream/-/combined-stream-1.0.8.tgz",
      "integrity": "sha512-FQN4MRfuJeHf7cBbBMJFXhKSDq+2kAArBlmRBvcvFE5BB1HZKXtSFASDhdlz9zOYwxh8lDdnvmMOe/+5cdoEdg==",
      "dependencies": {
        "delayed-stream": "~1.0.0"
      },
      "engines": {
        "node": ">= 0.8"
      }
    },
    "node_modules/delayed-stream": {
      "version": "1.0.0",
      "resolved": "https://registry.npmjs.org/delayed-stream/-/delayed-stream-1.0.0.tgz",
      "integrity": "sha512-ZySD7Nf91aLB0RxL4KGrKHBXl7Eds1DAmEdcoVawXnLD7SDhpNgtuII2aAkg7a7QS41jxPSZ17p4VdGnMHk3MQ==",
      "engines": {
        "node": ">=0.4.0"
      }
    },
    "node_modules/follow-redirects": {
      "version": "1.15.5",
      "resolved": "https://registry.npmjs.org/follow-redirects/-/follow-redirects-1.15.5.tgz",
      "integrity": "sha512-vSFWUON1B+yAw1VN4xMfxgn5fTUiaOzAJCKBwIIgT/+7CuGy9+r+5gITvP62j3RmaD5Ph65UaERdOSRGUzZtgw==",
      "funding": [
        {
          "type": "individual",
          "url": "https://github.com/sponsors/RubenVerborgh"
        }
      ],
      "engines": {
        "node": ">=4.0"
      },
      "peerDependenciesMeta": {
        "debug": {
          "optional": true
        }
      }
    },
    "node_modules/form-data": {
      "version": "4.0.0",
      "resolved": "https://registry.npmjs.org/form-data/-/form-data-4.0.0.tgz",
      "integrity": "sha512-ETEklSGi5t0QMZuiXoA/Q6vcnxcLQP5vdugSpuAyi6SVGi2clPPp+xgEhuMaHC+zGgn31Kd235W35f7Hykkaww==",
      "dependencies": {
        "asynckit": "^0.4.0",
        "combined-stream": "^1.0.8",
        "mime-types": "^2.1.12"
      },
      "engines": {
        "node": ">= 6"
      }
    },
    "node_modules/mime-db": {
      "version": "1.52.0",
      "resolved": "https://registry.npmjs.org/mime-db/-/mime-db-1.52.0.tgz",
      "integrity": "sha512-sPU4uV7dYlvtWJxwwxHD0PuihVNiE7TyAbQ5SWxDCB9mUYvOgroQOwYQQOKPJ8CIbE+1ETVlOoK1UC2nU3gYvg==",
      "engines": {
        "node": ">= 0.6"
      }
    },
    "node_modules/mime-types": {
      "version": "2.1.35",
      "resolved": "https://registry.npmjs.org/mime-types/-/mime-types-2.1.35.tgz",
      "integrity": "sha512-ZDY+bPm5zTTF+YpCrAU9nK0UgICYPT0QtT1NZWFv4s++TNkcgVaT0g6+4R2uI4MjQjzysHB1zxuWL50hzaeXiw==",
      "dependencies": {
        "mime-db": "1.52.0"
      },
      "engines": {
        "node": ">= 0.6"
      }
    },
    "node_modules/mustache": {
      "version": "4.1.0",
      "resolved": "https://registry.npmjs.org/mustache/-/mustache-4.1.0.tgz",
      "integrity": "sha512-0FsgP/WVq4mKyjolIyX+Z9Bd+3WS8GOwoUTyKXT5cTYMGeauNTi2HPCwERqseC1IHAy0Z7MDZnJBfjabd4O8GQ==",
      "bin": {
        "mustache": "bin/mustache"
      }
    },
    "node_modules/nodemailer": {
      "version": "6.9.10",
      "resolved": "https://registry.npmjs.org/nodemailer/-/nodemailer-6.9.10.tgz",
      "integrity": "sha512-qtoKfGFhvIFW5kLfrkw2R6Nm6Ur4LNUMykyqu6n9BRKJuyQrqEGwdXXUAbwWEKt33dlWUGXb7rzmJP/p4+O+CA==",
      "engines": {
        "node": ">=6.0.0"
      }
    },
    "node_modules/proxy-from-env": {
      "version": "1.1.0",
      "resolved": "https://registry.npmjs.org/proxy-from-env/-/proxy-from-env-1.1.0.tgz",
      "integrity": "sha512-D+zkORCbA9f1tdWRK0RaCR3GPv50cMxcrz4X8k5LTSUD1Dkw47mKJEZQNunItRTkWwgtaUSo1RVFRIG9ZXiFYg=="
    },
    "node_modules/sap-cf-destconn": {
      "version": "1.0.0",
      "resolved": "https://registry.npmjs.org/sap-cf-destconn/-/sap-cf-destconn-1.0.0.tgz",
      "integrity": "sha512-SqtFDLjWx31fjgKLuVCoOeoJlewOkY4l6q5+rBmLDyZ0LVS/MoDqI/6KfMxB+DW3kQSnlwACclqrQCpdoHoJoA==",
      "dependencies": {
        "@sap/xsenv": "^4.2.0",
        "axios": "^1.6.2"
      }
    },
    "node_modules/typescript": {
      "version": "4.9.5",
      "resolved": "https://registry.npmjs.org/typescript/-/typescript-4.9.5.tgz",
      "integrity": "sha512-1FXk9E2Hm+QzZQ7z+McJiHL4NW1F2EzMu9Nq9i3zAaGqibafqYwCVU6WyWAuyQRRzOlxou8xZSyXLEN8oKj24g==",
      "dev": true,
      "bin": {
        "tsc": "bin/tsc",
        "tsserver": "bin/tsserver"
      },
      "engines": {
        "node": ">=4.2.0"
      }
    }
  }
}
